
Microsoft Visual Studio Solution File, Format Version 12.00
# Visual Studio 2013
VisualStudioVersion = 12.0.21005.1
MinimumVisualStudioVersion = 10.0.40219.1
Project("{FAE04EC0-301F-11D3-BF4B-00C04F79EFBC}") = "TLM", "TLM\TLM.csproj", "{7422AE58-8B0A-401C-9404-F4A438EFFE10}"
EndProject
Global
	GlobalSection(SolutionConfigurationPlatforms) = preSolution
		Debug|Any CPU = Debug|Any CPU
		Release|Any CPU = Release|Any CPU
	EndGlobalSection
	GlobalSection(ProjectConfigurationPlatforms) = postSolution
		{7422AE58-8B0A-401C-9404-F4A438EFFE10}.Debug|Any CPU.ActiveCfg = Debug|Any CPU
		{7422AE58-8B0A-401C-9404-F4A438EFFE10}.Debug|Any CPU.Build.0 = Debug|Any CPU
		{7422AE58-8B0A-401C-9404-F4A438EFFE10}.Release|Any CPU.ActiveCfg = Release|Any CPU
		{7422AE58-8B0A-401C-9404-F4A438EFFE10}.Release|Any CPU.Build.0 = Release|Any CPU
	EndGlobalSection
	GlobalSection(SolutionProperties) = preSolution
		HideSolutionNode = FALSE
	EndGlobalSection
EndGlobal
