
Microsoft Visual Studio Solution File, Format Version 12.00
# Visual Studio 14
VisualStudioVersion = 14.0.25420.1
MinimumVisualStudioVersion = 10.0.40219.1
Project("{FAE04EC0-301F-11D3-BF4B-00C04F79EFBC}") = "TLM", "TLM\TLM.csproj", "{7422AE58-8B0A-401C-9404-F4A438EFFE10}"
EndProject
Project("{2150E333-8FDC-42A3-9474-1A3956D46DE8}") = "Solution Items", "Solution Items", "{1D3D9CF0-947E-4A1A-BCFE-25F48E7908DF}"
	ProjectSection(SolutionItems) = preProject
		..\README.md = ..\README.md
	EndProjectSection
EndProject
Project("{FAE04EC0-301F-11D3-BF4B-00C04F79EFBC}") = "GlobalConfigGenerator", "GlobalConfigGenerator\GlobalConfigGenerator.csproj", "{48D1868B-EE81-4339-95C9-4C5EADEB9ECA}"
	ProjectSection(ProjectDependencies) = postProject
		{7422AE58-8B0A-401C-9404-F4A438EFFE10} = {7422AE58-8B0A-401C-9404-F4A438EFFE10}
	EndProjectSection
EndProject
Project("{FAE04EC0-301F-11D3-BF4B-00C04F79EFBC}") = "SpiralLoopTest", "SpiralLoopTest\SpiralLoopTest.csproj", "{615EF202-3E13-4A15-A82F-594D90CD0ECD}"
	ProjectSection(ProjectDependencies) = postProject
		{7422AE58-8B0A-401C-9404-F4A438EFFE10} = {7422AE58-8B0A-401C-9404-F4A438EFFE10}
	EndProjectSection
EndProject
Global
	GlobalSection(SolutionConfigurationPlatforms) = preSolution
		Debug|Any CPU = Debug|Any CPU
		QueuedStats|Any CPU = QueuedStats|Any CPU
		Release|Any CPU = Release|Any CPU
	EndGlobalSection
	GlobalSection(ProjectConfigurationPlatforms) = postSolution
		{7422AE58-8B0A-401C-9404-F4A438EFFE10}.Debug|Any CPU.ActiveCfg = Debug|Any CPU
		{7422AE58-8B0A-401C-9404-F4A438EFFE10}.Debug|Any CPU.Build.0 = Debug|Any CPU
		{7422AE58-8B0A-401C-9404-F4A438EFFE10}.QueuedStats|Any CPU.ActiveCfg = QueuedStats|Any CPU
		{7422AE58-8B0A-401C-9404-F4A438EFFE10}.QueuedStats|Any CPU.Build.0 = QueuedStats|Any CPU
		{7422AE58-8B0A-401C-9404-F4A438EFFE10}.Release|Any CPU.ActiveCfg = Release|Any CPU
		{7422AE58-8B0A-401C-9404-F4A438EFFE10}.Release|Any CPU.Build.0 = Release|Any CPU
		{48D1868B-EE81-4339-95C9-4C5EADEB9ECA}.Debug|Any CPU.ActiveCfg = Debug|Any CPU
		{48D1868B-EE81-4339-95C9-4C5EADEB9ECA}.Debug|Any CPU.Build.0 = Debug|Any CPU
		{48D1868B-EE81-4339-95C9-4C5EADEB9ECA}.QueuedStats|Any CPU.ActiveCfg = QueuedStats|Any CPU
		{48D1868B-EE81-4339-95C9-4C5EADEB9ECA}.QueuedStats|Any CPU.Build.0 = QueuedStats|Any CPU
		{48D1868B-EE81-4339-95C9-4C5EADEB9ECA}.Release|Any CPU.ActiveCfg = Release|Any CPU
		{48D1868B-EE81-4339-95C9-4C5EADEB9ECA}.Release|Any CPU.Build.0 = Release|Any CPU
		{615EF202-3E13-4A15-A82F-594D90CD0ECD}.Debug|Any CPU.ActiveCfg = Debug|Any CPU
		{615EF202-3E13-4A15-A82F-594D90CD0ECD}.Debug|Any CPU.Build.0 = Debug|Any CPU
		{615EF202-3E13-4A15-A82F-594D90CD0ECD}.QueuedStats|Any CPU.ActiveCfg = QueuedStats|Any CPU
		{615EF202-3E13-4A15-A82F-594D90CD0ECD}.QueuedStats|Any CPU.Build.0 = QueuedStats|Any CPU
		{615EF202-3E13-4A15-A82F-594D90CD0ECD}.Release|Any CPU.ActiveCfg = Release|Any CPU
		{615EF202-3E13-4A15-A82F-594D90CD0ECD}.Release|Any CPU.Build.0 = Release|Any CPU
	EndGlobalSection
	GlobalSection(SolutionProperties) = preSolution
		HideSolutionNode = FALSE
	EndGlobalSection
EndGlobal
