
Microsoft Visual Studio Solution File, Format Version 12.00
# Visual Studio Version 16
VisualStudioVersion = 16.0.29503.13
MinimumVisualStudioVersion = 10.0.40219.1
Project("{FAE04EC0-301F-11D3-BF4B-00C04F79EFBC}") = "TLM", "TLM\TLM.csproj", "{7422AE58-8B0A-401C-9404-F4A438EFFE10}"
	ProjectSection(ProjectDependencies) = postProject
		{D3ADE06E-F493-4819-865A-3BB44FEEDF01} = {D3ADE06E-F493-4819-865A-3BB44FEEDF01}
		{F8759084-DF5B-4A54-B73C-824640A8FA3F} = {F8759084-DF5B-4A54-B73C-824640A8FA3F}
	EndProjectSection
EndProject
Project("{2150E333-8FDC-42A3-9474-1A3956D46DE8}") = "Solution Items", "Solution Items", "{1D3D9CF0-947E-4A1A-BCFE-25F48E7908DF}"
	ProjectSection(SolutionItems) = preProject
		.editorconfig = .editorconfig
		SharedAssemblyInfo.cs = SharedAssemblyInfo.cs
	EndProjectSection
EndProject
Project("{FAE04EC0-301F-11D3-BF4B-00C04F79EFBC}") = "TMPE.UnitTest", "TMPE.UnitTest\TMPE.UnitTest.csproj", "{D0D1848A-9BAE-4121-89A0-66757D16BC73}"
EndProject
Project("{FAE04EC0-301F-11D3-BF4B-00C04F79EFBC}") = "CSUtil.Commons", "CSUtil.Commons\CSUtil.Commons.csproj", "{D3ADE06E-F493-4819-865A-3BB44FEEDF01}"
EndProject
Project("{FAE04EC0-301F-11D3-BF4B-00C04F79EFBC}") = "OptionsFramework", "OptionsFramework\OptionsFramework.csproj", "{F4BEABA8-E56B-4201-99C8-5E0115E87D1C}"
EndProject
Project("{FAE04EC0-301F-11D3-BF4B-00C04F79EFBC}") = "CSUtil.CameraControl", "CSUtil.CameraControl\CSUtil.CameraControl\CSUtil.CameraControl\CSUtil.CameraControl.csproj", "{F8759084-DF5B-4A54-B73C-824640A8FA3F}"
EndProject
Project("{FAE04EC0-301F-11D3-BF4B-00C04F79EFBC}") = "TMPE.API", "TMPE.API\TMPE.API.csproj", "{C911D31C-C85D-42A8-A839-7B209A715495}"
EndProject
Project("{FAE04EC0-301F-11D3-BF4B-00C04F79EFBC}") = "Benchmarks", "Benchmarks\Benchmarks.csproj", "{A38B1D43-3557-4D42-973C-90C7F5E10C02}"
EndProject
Global
	GlobalSection(SolutionConfigurationPlatforms) = preSolution
		Benchmark|Any CPU = Benchmark|Any CPU
		Debug|Any CPU = Debug|Any CPU
		FullDebug|Any CPU = FullDebug|Any CPU
		PF2_Debug|Any CPU = PF2_Debug|Any CPU
		Release TEST|Any CPU = Release TEST|Any CPU
		Release|Any CPU = Release|Any CPU
	EndGlobalSection
	GlobalSection(ProjectConfigurationPlatforms) = postSolution
		{7422AE58-8B0A-401C-9404-F4A438EFFE10}.Benchmark|Any CPU.ActiveCfg = Benchmark|Any CPU
		{7422AE58-8B0A-401C-9404-F4A438EFFE10}.Benchmark|Any CPU.Build.0 = Benchmark|Any CPU
		{7422AE58-8B0A-401C-9404-F4A438EFFE10}.Debug|Any CPU.ActiveCfg = Debug|Any CPU
		{7422AE58-8B0A-401C-9404-F4A438EFFE10}.Debug|Any CPU.Build.0 = Debug|Any CPU
		{7422AE58-8B0A-401C-9404-F4A438EFFE10}.FullDebug|Any CPU.ActiveCfg = FullDebug|Any CPU
		{7422AE58-8B0A-401C-9404-F4A438EFFE10}.FullDebug|Any CPU.Build.0 = FullDebug|Any CPU
		{7422AE58-8B0A-401C-9404-F4A438EFFE10}.PF2_Debug|Any CPU.ActiveCfg = PF2_Debug|Any CPU
		{7422AE58-8B0A-401C-9404-F4A438EFFE10}.PF2_Debug|Any CPU.Build.0 = PF2_Debug|Any CPU
		{7422AE58-8B0A-401C-9404-F4A438EFFE10}.Release TEST|Any CPU.ActiveCfg = Release TEST|Any CPU
		{7422AE58-8B0A-401C-9404-F4A438EFFE10}.Release TEST|Any CPU.Build.0 = Release TEST|Any CPU
		{7422AE58-8B0A-401C-9404-F4A438EFFE10}.Release|Any CPU.ActiveCfg = Release|Any CPU
		{7422AE58-8B0A-401C-9404-F4A438EFFE10}.Release|Any CPU.Build.0 = Release|Any CPU
		{D0D1848A-9BAE-4121-89A0-66757D16BC73}.Benchmark|Any CPU.ActiveCfg = Release|Any CPU
		{D0D1848A-9BAE-4121-89A0-66757D16BC73}.Benchmark|Any CPU.Build.0 = Release|Any CPU
		{D0D1848A-9BAE-4121-89A0-66757D16BC73}.Debug|Any CPU.ActiveCfg = Debug|Any CPU
		{D0D1848A-9BAE-4121-89A0-66757D16BC73}.Debug|Any CPU.Build.0 = Debug|Any CPU
		{D0D1848A-9BAE-4121-89A0-66757D16BC73}.FullDebug|Any CPU.ActiveCfg = Debug|Any CPU
		{D0D1848A-9BAE-4121-89A0-66757D16BC73}.FullDebug|Any CPU.Build.0 = Debug|Any CPU
		{D0D1848A-9BAE-4121-89A0-66757D16BC73}.PF2_Debug|Any CPU.ActiveCfg = PF2_Debug|Any CPU
		{D0D1848A-9BAE-4121-89A0-66757D16BC73}.PF2_Debug|Any CPU.Build.0 = PF2_Debug|Any CPU
		{D0D1848A-9BAE-4121-89A0-66757D16BC73}.Release TEST|Any CPU.ActiveCfg = Release|Any CPU
		{D0D1848A-9BAE-4121-89A0-66757D16BC73}.Release TEST|Any CPU.Build.0 = Release|Any CPU
		{D0D1848A-9BAE-4121-89A0-66757D16BC73}.Release|Any CPU.ActiveCfg = Release|Any CPU
		{D0D1848A-9BAE-4121-89A0-66757D16BC73}.Release|Any CPU.Build.0 = Release|Any CPU
		{D3ADE06E-F493-4819-865A-3BB44FEEDF01}.Benchmark|Any CPU.ActiveCfg = Release|Any CPU
		{D3ADE06E-F493-4819-865A-3BB44FEEDF01}.Benchmark|Any CPU.Build.0 = Release|Any CPU
		{D3ADE06E-F493-4819-865A-3BB44FEEDF01}.Debug|Any CPU.ActiveCfg = Debug|Any CPU
		{D3ADE06E-F493-4819-865A-3BB44FEEDF01}.Debug|Any CPU.Build.0 = Debug|Any CPU
		{D3ADE06E-F493-4819-865A-3BB44FEEDF01}.FullDebug|Any CPU.ActiveCfg = Debug|Any CPU
		{D3ADE06E-F493-4819-865A-3BB44FEEDF01}.FullDebug|Any CPU.Build.0 = Debug|Any CPU
		{D3ADE06E-F493-4819-865A-3BB44FEEDF01}.PF2_Debug|Any CPU.ActiveCfg = PF2_Debug|Any CPU
		{D3ADE06E-F493-4819-865A-3BB44FEEDF01}.PF2_Debug|Any CPU.Build.0 = PF2_Debug|Any CPU
		{D3ADE06E-F493-4819-865A-3BB44FEEDF01}.Release TEST|Any CPU.ActiveCfg = Release|Any CPU
		{D3ADE06E-F493-4819-865A-3BB44FEEDF01}.Release TEST|Any CPU.Build.0 = Release|Any CPU
		{D3ADE06E-F493-4819-865A-3BB44FEEDF01}.Release|Any CPU.ActiveCfg = Release|Any CPU
		{D3ADE06E-F493-4819-865A-3BB44FEEDF01}.Release|Any CPU.Build.0 = Release|Any CPU
		{F4BEABA8-E56B-4201-99C8-5E0115E87D1C}.Benchmark|Any CPU.ActiveCfg = Release|Any CPU
		{F4BEABA8-E56B-4201-99C8-5E0115E87D1C}.Benchmark|Any CPU.Build.0 = Release|Any CPU
		{F4BEABA8-E56B-4201-99C8-5E0115E87D1C}.Debug|Any CPU.ActiveCfg = Debug|Any CPU
		{F4BEABA8-E56B-4201-99C8-5E0115E87D1C}.Debug|Any CPU.Build.0 = Debug|Any CPU
		{F4BEABA8-E56B-4201-99C8-5E0115E87D1C}.FullDebug|Any CPU.ActiveCfg = Debug|Any CPU
		{F4BEABA8-E56B-4201-99C8-5E0115E87D1C}.FullDebug|Any CPU.Build.0 = Debug|Any CPU
		{F4BEABA8-E56B-4201-99C8-5E0115E87D1C}.PF2_Debug|Any CPU.ActiveCfg = PF2_Debug|Any CPU
		{F4BEABA8-E56B-4201-99C8-5E0115E87D1C}.PF2_Debug|Any CPU.Build.0 = PF2_Debug|Any CPU
		{F4BEABA8-E56B-4201-99C8-5E0115E87D1C}.Release TEST|Any CPU.ActiveCfg = Release|Any CPU
		{F4BEABA8-E56B-4201-99C8-5E0115E87D1C}.Release TEST|Any CPU.Build.0 = Release|Any CPU
		{F4BEABA8-E56B-4201-99C8-5E0115E87D1C}.Release|Any CPU.ActiveCfg = Release|Any CPU
		{F4BEABA8-E56B-4201-99C8-5E0115E87D1C}.Release|Any CPU.Build.0 = Release|Any CPU
		{F8759084-DF5B-4A54-B73C-824640A8FA3F}.Benchmark|Any CPU.ActiveCfg = Release|Any CPU
		{F8759084-DF5B-4A54-B73C-824640A8FA3F}.Benchmark|Any CPU.Build.0 = Release|Any CPU
		{F8759084-DF5B-4A54-B73C-824640A8FA3F}.Debug|Any CPU.ActiveCfg = Debug|Any CPU
		{F8759084-DF5B-4A54-B73C-824640A8FA3F}.Debug|Any CPU.Build.0 = Debug|Any CPU
		{F8759084-DF5B-4A54-B73C-824640A8FA3F}.FullDebug|Any CPU.ActiveCfg = Debug|Any CPU
		{F8759084-DF5B-4A54-B73C-824640A8FA3F}.FullDebug|Any CPU.Build.0 = Debug|Any CPU
		{F8759084-DF5B-4A54-B73C-824640A8FA3F}.PF2_Debug|Any CPU.ActiveCfg = PF2_Debug|Any CPU
		{F8759084-DF5B-4A54-B73C-824640A8FA3F}.PF2_Debug|Any CPU.Build.0 = PF2_Debug|Any CPU
		{F8759084-DF5B-4A54-B73C-824640A8FA3F}.Release TEST|Any CPU.ActiveCfg = Release|Any CPU
		{F8759084-DF5B-4A54-B73C-824640A8FA3F}.Release TEST|Any CPU.Build.0 = Release|Any CPU
		{F8759084-DF5B-4A54-B73C-824640A8FA3F}.Release|Any CPU.ActiveCfg = Release|Any CPU
		{F8759084-DF5B-4A54-B73C-824640A8FA3F}.Release|Any CPU.Build.0 = Release|Any CPU
		{C911D31C-C85D-42A8-A839-7B209A715495}.Benchmark|Any CPU.ActiveCfg = Release|Any CPU
		{C911D31C-C85D-42A8-A839-7B209A715495}.Benchmark|Any CPU.Build.0 = Release|Any CPU
		{C911D31C-C85D-42A8-A839-7B209A715495}.Debug|Any CPU.ActiveCfg = Debug|Any CPU
		{C911D31C-C85D-42A8-A839-7B209A715495}.Debug|Any CPU.Build.0 = Debug|Any CPU
		{C911D31C-C85D-42A8-A839-7B209A715495}.FullDebug|Any CPU.ActiveCfg = Debug|Any CPU
		{C911D31C-C85D-42A8-A839-7B209A715495}.FullDebug|Any CPU.Build.0 = Debug|Any CPU
		{C911D31C-C85D-42A8-A839-7B209A715495}.PF2_Debug|Any CPU.ActiveCfg = Debug|Any CPU
		{C911D31C-C85D-42A8-A839-7B209A715495}.PF2_Debug|Any CPU.Build.0 = Debug|Any CPU
		{C911D31C-C85D-42A8-A839-7B209A715495}.Release TEST|Any CPU.ActiveCfg = Release|Any CPU
		{C911D31C-C85D-42A8-A839-7B209A715495}.Release TEST|Any CPU.Build.0 = Release|Any CPU
		{C911D31C-C85D-42A8-A839-7B209A715495}.Release|Any CPU.ActiveCfg = Release|Any CPU
		{C911D31C-C85D-42A8-A839-7B209A715495}.Release|Any CPU.Build.0 = Release|Any CPU
		{A38B1D43-3557-4D42-973C-90C7F5E10C02}.Benchmark|Any CPU.ActiveCfg = Release|Any CPU
		{A38B1D43-3557-4D42-973C-90C7F5E10C02}.Benchmark|Any CPU.Build.0 = Release|Any CPU
		{A38B1D43-3557-4D42-973C-90C7F5E10C02}.Debug|Any CPU.ActiveCfg = Debug|Any CPU
		{A38B1D43-3557-4D42-973C-90C7F5E10C02}.Debug|Any CPU.Build.0 = Debug|Any CPU
		{A38B1D43-3557-4D42-973C-90C7F5E10C02}.FullDebug|Any CPU.ActiveCfg = Debug|Any CPU
		{A38B1D43-3557-4D42-973C-90C7F5E10C02}.FullDebug|Any CPU.Build.0 = Debug|Any CPU
		{A38B1D43-3557-4D42-973C-90C7F5E10C02}.PF2_Debug|Any CPU.ActiveCfg = Debug|Any CPU
		{A38B1D43-3557-4D42-973C-90C7F5E10C02}.PF2_Debug|Any CPU.Build.0 = Debug|Any CPU
		{A38B1D43-3557-4D42-973C-90C7F5E10C02}.Release TEST|Any CPU.ActiveCfg = Release|Any CPU
		{A38B1D43-3557-4D42-973C-90C7F5E10C02}.Release TEST|Any CPU.Build.0 = Release|Any CPU
		{A38B1D43-3557-4D42-973C-90C7F5E10C02}.Release|Any CPU.ActiveCfg = Release|Any CPU
		{A38B1D43-3557-4D42-973C-90C7F5E10C02}.Release|Any CPU.Build.0 = Release|Any CPU
	EndGlobalSection
	GlobalSection(SolutionProperties) = preSolution
		HideSolutionNode = FALSE
	EndGlobalSection
	GlobalSection(ExtensibilityGlobals) = postSolution
		SolutionGuid = {CFCFBDC9-2706-483F-B4A3-F810E5CDE489}
	EndGlobalSection
EndGlobal
